
Microsoft Visual Studio Solution File, Format Version 12.00
# Visual Studio 15
VisualStudioVersion = 15.0.27004.2006
MinimumVisualStudioVersion = 10.0.40219.1
Project("{FAE04EC0-301F-11D3-BF4B-00C04F79EFBC}") = "TheApp", "TheApp\TheApp.csproj", "{B1C9E98A-4D9C-4233-908D-D4A8A8EFDA94}"
EndProject
Project("{E53339B2-1760-4266-BCC7-CA923CBCF16C}") = "docker-compose", "docker-compose.dcproj", "{627026FF-F1CB-4176-8E10-27DDA7AF1C87}"
EndProject
Global
	GlobalSection(SolutionConfigurationPlatforms) = preSolution
		Debug|Any CPU = Debug|Any CPU
		Release|Any CPU = Release|Any CPU
	EndGlobalSection
	GlobalSection(ProjectConfigurationPlatforms) = postSolution
		{B1C9E98A-4D9C-4233-908D-D4A8A8EFDA94}.Debug|Any CPU.ActiveCfg = Debug|Any CPU
		{B1C9E98A-4D9C-4233-908D-D4A8A8EFDA94}.Debug|Any CPU.Build.0 = Debug|Any CPU
		{B1C9E98A-4D9C-4233-908D-D4A8A8EFDA94}.Release|Any CPU.ActiveCfg = Release|Any CPU
		{B1C9E98A-4D9C-4233-908D-D4A8A8EFDA94}.Release|Any CPU.Build.0 = Release|Any CPU
		{627026FF-F1CB-4176-8E10-27DDA7AF1C87}.Debug|Any CPU.ActiveCfg = Debug|Any CPU
		{627026FF-F1CB-4176-8E10-27DDA7AF1C87}.Debug|Any CPU.Build.0 = Debug|Any CPU
		{627026FF-F1CB-4176-8E10-27DDA7AF1C87}.Release|Any CPU.ActiveCfg = Release|Any CPU
		{627026FF-F1CB-4176-8E10-27DDA7AF1C87}.Release|Any CPU.Build.0 = Release|Any CPU
	EndGlobalSection
	GlobalSection(SolutionProperties) = preSolution
		HideSolutionNode = FALSE
	EndGlobalSection
	GlobalSection(ExtensibilityGlobals) = postSolution
		SolutionGuid = {4D7946BF-B434-476B-BD3A-B7E116F06001}
	EndGlobalSection
EndGlobal
